
Microsoft Visual Studio Solution File, Format Version 12.00
# Visual Studio 15
VisualStudioVersion = 15.0.26124.0
MinimumVisualStudioVersion = 15.0.26124.0
Project("{FAE04EC0-301F-11D3-BF4B-00C04F79EFBC}") = "ProAgil.API", "ProAgil.API\ProAgil.API.csproj", "{C43B1985-D361-411C-8F14-AA6117516DCA}"
EndProject
Project("{FAE04EC0-301F-11D3-BF4B-00C04F79EFBC}") = "ProAgil.Repository", "ProAgil.Repository\ProAgil.Repository.csproj", "{756C66C4-CA37-4ED0-B5AC-527988A8303B}"
EndProject
Project("{FAE04EC0-301F-11D3-BF4B-00C04F79EFBC}") = "ProAgil.Domain", "ProAgil.Domain\ProAgil.Domain.csproj", "{1A19B6AF-9250-4005-A819-13E99ED94583}"
EndProject
Global
	GlobalSection(SolutionConfigurationPlatforms) = preSolution
		Debug|Any CPU = Debug|Any CPU
		Debug|x64 = Debug|x64
		Debug|x86 = Debug|x86
		Release|Any CPU = Release|Any CPU
		Release|x64 = Release|x64
		Release|x86 = Release|x86
	EndGlobalSection
	GlobalSection(SolutionProperties) = preSolution
		HideSolutionNode = FALSE
	EndGlobalSection
	GlobalSection(ProjectConfigurationPlatforms) = postSolution
		{C43B1985-D361-411C-8F14-AA6117516DCA}.Debug|Any CPU.ActiveCfg = Debug|Any CPU
		{C43B1985-D361-411C-8F14-AA6117516DCA}.Debug|Any CPU.Build.0 = Debug|Any CPU
		{C43B1985-D361-411C-8F14-AA6117516DCA}.Debug|x64.ActiveCfg = Debug|Any CPU
		{C43B1985-D361-411C-8F14-AA6117516DCA}.Debug|x64.Build.0 = Debug|Any CPU
		{C43B1985-D361-411C-8F14-AA6117516DCA}.Debug|x86.ActiveCfg = Debug|Any CPU
		{C43B1985-D361-411C-8F14-AA6117516DCA}.Debug|x86.Build.0 = Debug|Any CPU
		{C43B1985-D361-411C-8F14-AA6117516DCA}.Release|Any CPU.ActiveCfg = Release|Any CPU
		{C43B1985-D361-411C-8F14-AA6117516DCA}.Release|Any CPU.Build.0 = Release|Any CPU
		{C43B1985-D361-411C-8F14-AA6117516DCA}.Release|x64.ActiveCfg = Release|Any CPU
		{C43B1985-D361-411C-8F14-AA6117516DCA}.Release|x64.Build.0 = Release|Any CPU
		{C43B1985-D361-411C-8F14-AA6117516DCA}.Release|x86.ActiveCfg = Release|Any CPU
		{C43B1985-D361-411C-8F14-AA6117516DCA}.Release|x86.Build.0 = Release|Any CPU
		{756C66C4-CA37-4ED0-B5AC-527988A8303B}.Debug|Any CPU.ActiveCfg = Debug|Any CPU
		{756C66C4-CA37-4ED0-B5AC-527988A8303B}.Debug|Any CPU.Build.0 = Debug|Any CPU
		{756C66C4-CA37-4ED0-B5AC-527988A8303B}.Debug|x64.ActiveCfg = Debug|Any CPU
		{756C66C4-CA37-4ED0-B5AC-527988A8303B}.Debug|x64.Build.0 = Debug|Any CPU
		{756C66C4-CA37-4ED0-B5AC-527988A8303B}.Debug|x86.ActiveCfg = Debug|Any CPU
		{756C66C4-CA37-4ED0-B5AC-527988A8303B}.Debug|x86.Build.0 = Debug|Any CPU
		{756C66C4-CA37-4ED0-B5AC-527988A8303B}.Release|Any CPU.ActiveCfg = Release|Any CPU
		{756C66C4-CA37-4ED0-B5AC-527988A8303B}.Release|Any CPU.Build.0 = Release|Any CPU
		{756C66C4-CA37-4ED0-B5AC-527988A8303B}.Release|x64.ActiveCfg = Release|Any CPU
		{756C66C4-CA37-4ED0-B5AC-527988A8303B}.Release|x64.Build.0 = Release|Any CPU
		{756C66C4-CA37-4ED0-B5AC-527988A8303B}.Release|x86.ActiveCfg = Release|Any CPU
		{756C66C4-CA37-4ED0-B5AC-527988A8303B}.Release|x86.Build.0 = Release|Any CPU
		{1A19B6AF-9250-4005-A819-13E99ED94583}.Debug|Any CPU.ActiveCfg = Debug|Any CPU
		{1A19B6AF-9250-4005-A819-13E99ED94583}.Debug|Any CPU.Build.0 = Debug|Any CPU
		{1A19B6AF-9250-4005-A819-13E99ED94583}.Debug|x64.ActiveCfg = Debug|Any CPU
		{1A19B6AF-9250-4005-A819-13E99ED94583}.Debug|x64.Build.0 = Debug|Any CPU
		{1A19B6AF-9250-4005-A819-13E99ED94583}.Debug|x86.ActiveCfg = Debug|Any CPU
		{1A19B6AF-9250-4005-A819-13E99ED94583}.Debug|x86.Build.0 = Debug|Any CPU
		{1A19B6AF-9250-4005-A819-13E99ED94583}.Release|Any CPU.ActiveCfg = Release|Any CPU
		{1A19B6AF-9250-4005-A819-13E99ED94583}.Release|Any CPU.Build.0 = Release|Any CPU
		{1A19B6AF-9250-4005-A819-13E99ED94583}.Release|x64.ActiveCfg = Release|Any CPU
		{1A19B6AF-9250-4005-A819-13E99ED94583}.Release|x64.Build.0 = Release|Any CPU
		{1A19B6AF-9250-4005-A819-13E99ED94583}.Release|x86.ActiveCfg = Release|Any CPU
		{1A19B6AF-9250-4005-A819-13E99ED94583}.Release|x86.Build.0 = Release|Any CPU
	EndGlobalSection
EndGlobal
